
Microsoft Visual Studio Solution File, Format Version 12.00
# Visual Studio Version 17
VisualStudioVersion = 17.4.33213.308
MinimumVisualStudioVersion = 10.0.40219.1
Project("{FAE04EC0-301F-11D3-BF4B-00C04F79EFBC}") = "PR-5", "PR-5.csproj", "{1C55370B-CE58-4B07-90CF-10F8CE13A46B}"
EndProject
Global
	GlobalSection(SolutionConfigurationPlatforms) = preSolution
		Debug|Any CPU = Debug|Any CPU
		Release|Any CPU = Release|Any CPU
	EndGlobalSection
	GlobalSection(ProjectConfigurationPlatforms) = postSolution
		{1C55370B-CE58-4B07-90CF-10F8CE13A46B}.Debug|Any CPU.ActiveCfg = Debug|Any CPU
		{1C55370B-CE58-4B07-90CF-10F8CE13A46B}.Debug|Any CPU.Build.0 = Debug|Any CPU
		{1C55370B-CE58-4B07-90CF-10F8CE13A46B}.Release|Any CPU.ActiveCfg = Release|Any CPU
		{1C55370B-CE58-4B07-90CF-10F8CE13A46B}.Release|Any CPU.Build.0 = Release|Any CPU
	EndGlobalSection
	GlobalSection(SolutionProperties) = preSolution
		HideSolutionNode = FALSE
	EndGlobalSection
	GlobalSection(ExtensibilityGlobals) = postSolution
		SolutionGuid = {410E3B76-2AA3-49FB-94E2-024BBA792009}
	EndGlobalSection
EndGlobal
